{
  "name": "meetups-bris-dev",
  "version": "1.0.0",
  "lockfileVersion": 1,
  "requires": true,
  "dependencies": {
    "component-props": {
      "version": "1.1.1",
      "resolved": "https://registry.npmjs.org/component-props/-/component-props-1.1.1.tgz",
      "integrity": "sha1-+bffm5kntubZfJvScqqGdnDzSUQ="
    },
    "group-by": {
      "version": "0.0.1",
      "resolved": "https://registry.npmjs.org/group-by/-/group-by-0.0.1.tgz",
      "integrity": "sha1-hXYgV19nFHhvjYa7Gf0T4YjdaKQ=",
      "requires": {
        "to-function": "2.0.6"
      }
    },
    "to-function": {
      "version": "2.0.6",
      "resolved": "https://registry.npmjs.org/to-function/-/to-function-2.0.6.tgz",
      "integrity": "sha1-fVbNnDuS+o29eyLoPVGSTedA68U=",
      "requires": {
        "component-props": "1.1.1"
      }
    }
  }
}
